
Microsoft Visual Studio Solution File, Format Version 12.00
# Visual Studio 15
VisualStudioVersion = 15.0.26730.3
MinimumVisualStudioVersion = 10.0.40219.1
Project("{FAE04EC0-301F-11D3-BF4B-00C04F79EFBC}") = "CloudServices", "CloudServices\CloudServices.csproj", "{78A716E1-C290-4E05-A933-F2EF45503E76}"
EndProject
Project("{FAE04EC0-301F-11D3-BF4B-00C04F79EFBC}") = "CloudServices.Tests", "CloudServices.Tests\CloudServices.Tests.csproj", "{243278F8-F5F8-4858-83B0-CAE0DF6215EA}"
EndProject
Global
	GlobalSection(SolutionConfigurationPlatforms) = preSolution
		Debug|Any CPU = Debug|Any CPU
		Release|Any CPU = Release|Any CPU
	EndGlobalSection
	GlobalSection(ProjectConfigurationPlatforms) = postSolution
		{78A716E1-C290-4E05-A933-F2EF45503E76}.Debug|Any CPU.ActiveCfg = Debug|Any CPU
		{78A716E1-C290-4E05-A933-F2EF45503E76}.Debug|Any CPU.Build.0 = Debug|Any CPU
		{78A716E1-C290-4E05-A933-F2EF45503E76}.Release|Any CPU.ActiveCfg = Release|Any CPU
		{78A716E1-C290-4E05-A933-F2EF45503E76}.Release|Any CPU.Build.0 = Release|Any CPU
		{243278F8-F5F8-4858-83B0-CAE0DF6215EA}.Debug|Any CPU.ActiveCfg = Debug|Any CPU
		{243278F8-F5F8-4858-83B0-CAE0DF6215EA}.Debug|Any CPU.Build.0 = Debug|Any CPU
		{243278F8-F5F8-4858-83B0-CAE0DF6215EA}.Release|Any CPU.ActiveCfg = Release|Any CPU
		{243278F8-F5F8-4858-83B0-CAE0DF6215EA}.Release|Any CPU.Build.0 = Release|Any CPU
	EndGlobalSection
	GlobalSection(SolutionProperties) = preSolution
		HideSolutionNode = FALSE
	EndGlobalSection
	GlobalSection(ExtensibilityGlobals) = postSolution
		SolutionGuid = {A265F759-15BB-4DE9-955E-FDB5428ECD85}
	EndGlobalSection
EndGlobal
